[[package]]
name = "certifi"
version = "2021.10.8"
description = "Python package for providing Mozilla's CA Bundle."
category = "main"
optional = false
python-versions = "*"

[[package]]
name = "charset-normalizer"
version = "2.0.10"
description = "The Real First Universal Charset Detector. Open, modern and actively maintained alternative to Chardet."
category = "main"
optional = false
python-versions = ">=3.5.0"

[package.extras]
unicode_backport = ["unicodedata2"]

[[package]]
name = "click"
version = "8.0.4"
description = "Composable command line interface toolkit"
category = "main"
optional = false
python-versions = ">=3.6"

[package.dependencies]
colorama = {version = "*", markers = "platform_system == \"Windows\""}

[[package]]
name = "colorama"
version = "0.4.4"
description = "Cross-platform colored terminal text."
category = "main"
optional = false
python-versions = ">=2.7, !=3.0.*, !=3.1.*, !=3.2.*, !=3.3.*, !=3.4.*"

[[package]]
name = "flask"
version = "2.0.3"
description = "A simple framework for building complex web applications."
category = "main"
optional = false
python-versions = ">=3.6"

[package.dependencies]
click = ">=7.1.2"
itsdangerous = ">=2.0"
Jinja2 = ">=3.0"
Werkzeug = ">=2.0"

[package.extras]
async = ["asgiref (>=3.2)"]
dotenv = ["python-dotenv"]

[[package]]
name = "idna"
version = "3.3"
description = "Internationalized Domain Names in Applications (IDNA)"
category = "main"
optional = false
python-versions = ">=3.5"

[[package]]
name = "itsdangerous"
version = "2.1.0"
description = "Safely pass data to untrusted environments and back."
category = "main"
optional = false
python-versions = ">=3.7"

[[package]]
name = "jinja2"
version = "3.0.3"
description = "A very fast and expressive template engine."
category = "main"
optional = false
python-versions = ">=3.6"

[package.dependencies]
MarkupSafe = ">=2.0"

[package.extras]
i18n = ["Babel (>=2.7)"]

[[package]]
name = "markupsafe"
version = "2.1.0"
description = "Safely add untrusted strings to HTML/XML markup."
category = "main"
optional = false
python-versions = ">=3.7"

[[package]]
name = "oauthlib"
version = "3.1.1"
description = "A generic, spec-compliant, thorough implementation of the OAuth request-signing logic"
category = "main"
optional = false
python-versions = ">=3.6"

[package.extras]
rsa = ["cryptography (>=3.0.0,<4)"]
signals = ["blinker (>=1.4.0)"]
signedtoken = ["cryptography (>=3.0.0,<4)", "pyjwt (>=2.0.0,<3)"]

[[package]]
name = "pillow"
version = "9.0.0"
description = "Python Imaging Library (Fork)"
category = "main"
optional = false
python-versions = ">=3.7"

[[package]]
name = "requests"
version = "2.27.0"
description = "Python HTTP for Humans."
category = "main"
optional = false
python-versions = ">=2.7, !=3.0.*, !=3.1.*, !=3.2.*, !=3.3.*, !=3.4.*, !=3.5.*"

[package.dependencies]
certifi = ">=2017.4.17"
charset-normalizer = {version = ">=2.0.0,<2.1.0", markers = "python_version >= \"3\""}
idna = {version = ">=2.5,<4", markers = "python_version >= \"3\""}
urllib3 = ">=1.21.1,<1.27"

[package.extras]
socks = ["PySocks (>=1.5.6,!=1.5.7)", "win-inet-pton"]
use_chardet_on_py3 = ["chardet (>=3.0.2,<5)"]

[[package]]
name = "requests-oauthlib"
version = "1.3.0"
description = "OAuthlib authentication support for Requests."
category = "main"
optional = false
python-versions = ">=2.7, !=3.0.*, !=3.1.*, !=3.2.*, !=3.3.*"

[package.dependencies]
oauthlib = ">=3.0.0"
requests = ">=2.0.0"

[package.extras]
rsa = ["oauthlib[signedtoken] (>=3.0.0)"]

[[package]]
name = "tweepy"
version = "4.4.0"
description = "Twitter library for Python"
category = "main"
optional = false
python-versions = ">=3.6"

[package.dependencies]
requests = ">=2.11.1,<3"
requests-oauthlib = ">=1.0.0,<2"

[package.extras]
async = ["aiohttp (>=3.7.3,<4)", "oauthlib (>=3.1.0,<4)"]
dev = ["coveralls (>=2.1.0)", "tox (>=3.14.0)"]
socks = ["requests[socks] (>=2.11.1,<3)"]
test = ["vcrpy (>=1.10.3)"]

[[package]]
name = "urllib3"
version = "1.26.7"
description = "HTTP library with thread-safe connection pooling, file post, and more."
category = "main"
optional = false
python-versions = ">=2.7, !=3.0.*, !=3.1.*, !=3.2.*, !=3.3.*, !=3.4.*, <4"

[package.extras]
brotli = ["brotlipy (>=0.6.0)"]
secure = ["pyOpenSSL (>=0.14)", "cryptography (>=1.3.4)", "idna (>=2.0.0)", "certifi", "ipaddress"]
socks = ["PySocks (>=1.5.6,!=1.5.7,<2.0)"]

[[package]]
name = "werkzeug"
version = "2.0.3"
description = "The comprehensive WSGI web application library."
category = "main"
optional = false
python-versions = ">=3.6"

[package.extras]
watchdog = ["watchdog"]

[metadata]
lock-version = "1.1"
python-versions = "^3.8"
content-hash = "bb51d2777749f7a54aa4c2fa92183f2bcc04906403fe012818c780e183b5731f"

[metadata.files]
certifi = [
    {file = "certifi-2021.10.8-py2.py3-none-any.whl", hash = "sha256:d62a0163eb4c2344ac042ab2bdf75399a71a2d8c7d47eac2e2ee91b9d6339569"},
    {file = "certifi-2021.10.8.tar.gz", hash = "sha256:78884e7c1d4b00ce3cea67b44566851c4343c120abd683433ce934a68ea58872"},
]
charset-normalizer = [
    {file = "charset-normalizer-2.0.10.tar.gz", hash = "sha256:876d180e9d7432c5d1dfd4c5d26b72f099d503e8fcc0feb7532c9289be60fcbd"},
    {file = "charset_normalizer-2.0.10-py3-none-any.whl", hash = "sha256:cb957888737fc0bbcd78e3df769addb41fd1ff8cf950dc9e7ad7793f1bf44455"},
]
click = [
    {file = "click-8.0.4-py3-none-any.whl", hash = "sha256:6a7a62563bbfabfda3a38f3023a1db4a35978c0abd76f6c9605ecd6554d6d9b1"},
    {file = "click-8.0.4.tar.gz", hash = "sha256:8458d7b1287c5fb128c90e23381cf99dcde74beaf6c7ff6384ce84d6fe090adb"},
]
colorama = [
    {file = "colorama-0.4.4-py2.py3-none-any.whl", hash = "sha256:9f47eda37229f68eee03b24b9748937c7dc3868f906e8ba69fbcbdd3bc5dc3e2"},
    {file = "colorama-0.4.4.tar.gz", hash = "sha256:5941b2b48a20143d2267e95b1c2a7603ce057ee39fd88e7329b0c292aa16869b"},
]
flask = [
    {file = "Flask-2.0.3-py3-none-any.whl", hash = "sha256:59da8a3170004800a2837844bfa84d49b022550616070f7cb1a659682b2e7c9f"},
    {file = "Flask-2.0.3.tar.gz", hash = "sha256:e1120c228ca2f553b470df4a5fa927ab66258467526069981b3eb0a91902687d"},
]
idna = [
    {file = "idna-3.3-py3-none-any.whl", hash = "sha256:84d9dd047ffa80596e0f246e2eab0b391788b0503584e8945f2368256d2735ff"},
    {file = "idna-3.3.tar.gz", hash = "sha256:9d643ff0a55b762d5cdb124b8eaa99c66322e2157b69160bc32796e824360e6d"},
]
itsdangerous = [
    {file = "itsdangerous-2.1.0-py3-none-any.whl", hash = "sha256:29285842166554469a56d427addc0843914172343784cb909695fdbe90a3e129"},
    {file = "itsdangerous-2.1.0.tar.gz", hash = "sha256:d848fcb8bc7d507c4546b448574e8a44fc4ea2ba84ebf8d783290d53e81992f5"},
]
jinja2 = [
    {file = "Jinja2-3.0.3-py3-none-any.whl", hash = "sha256:077ce6014f7b40d03b47d1f1ca4b0fc8328a692bd284016f806ed0eaca390ad8"},
    {file = "Jinja2-3.0.3.tar.gz", hash = "sha256:611bb273cd68f3b993fabdc4064fc858c5b47a973cb5aa7999ec1ba405c87cd7"},
]
markupsafe = [
    {file = "MarkupSafe-2.1.0-cp310-cp310-macosx_10_9_universal2.whl", hash = "sha256:3028252424c72b2602a323f70fbf50aa80a5d3aa616ea6add4ba21ae9cc9da4c"},
    {file = "MarkupSafe-2.1.0-cp310-cp310-macosx_10_9_x86_64.whl", hash = "sha256:290b02bab3c9e216da57c1d11d2ba73a9f73a614bbdcc027d299a60cdfabb11a"},
    {file = "MarkupSafe-2.1.0-cp310-cp310-manylinux_2_17_aarch64.manylinux2014_aarch64.whl", hash = "sha256:6e104c0c2b4cd765b4e83909cde7ec61a1e313f8a75775897db321450e928cce"},
    {file = "MarkupSafe-2.1.0-cp310-cp310-manylinux_2_17_x86_64.manylinux2014_x86_64.whl", hash = "sha256:24c3be29abb6b34052fd26fc7a8e0a49b1ee9d282e3665e8ad09a0a68faee5b3"},
    {file = "MarkupSafe-2.1.0-cp310-cp310-manylinux_2_5_i686.manylinux1_i686.manylinux_2_17_i686.manylinux2014_i686.whl", hash = "sha256:204730fd5fe2fe3b1e9ccadb2bd18ba8712b111dcabce185af0b3b5285a7c989"},
    {file = "MarkupSafe-2.1.0-cp310-cp310-musllinux_1_1_aarch64.whl", hash = "sha256:d3b64c65328cb4cd252c94f83e66e3d7acf8891e60ebf588d7b493a55a1dbf26"},
    {file = "MarkupSafe-2.1.0-cp310-cp310-musllinux_1_1_i686.whl", hash = "sha256:96de1932237abe0a13ba68b63e94113678c379dca45afa040a17b6e1ad7ed076"},
    {file = "MarkupSafe-2.1.0-cp310-cp310-musllinux_1_1_x86_64.whl", hash = "sha256:75bb36f134883fdbe13d8e63b8675f5f12b80bb6627f7714c7d6c5becf22719f"},
    {file = "MarkupSafe-2.1.0-cp310-cp310-win32.whl", hash = "sha256:4056f752015dfa9828dce3140dbadd543b555afb3252507348c493def166d454"},
    {file = "MarkupSafe-2.1.0-cp310-cp310-win_amd64.whl", hash = "sha256:d4e702eea4a2903441f2735799d217f4ac1b55f7d8ad96ab7d4e25417cb0827c"},
    {file = "MarkupSafe-2.1.0-cp37-cp37m-macosx_10_9_x86_64.whl", hash = "sha256:f0eddfcabd6936558ec020130f932d479930581171368fd728efcfb6ef0dd357"},
    {file = "MarkupSafe-2.1.0-cp37-cp37m-manylinux_2_17_aarch64.manylinux2014_aarch64.whl", hash = "sha256:5ddea4c352a488b5e1069069f2f501006b1a4362cb906bee9a193ef1245a7a61"},
    {file = "MarkupSafe-2.1.0-cp37-cp37m-manylinux_2_17_x86_64.manylinux2014_x86_64.whl", hash = "sha256:09c86c9643cceb1d87ca08cdc30160d1b7ab49a8a21564868921959bd16441b8"},
    {file = "MarkupSafe-2.1.0-cp37-cp37m-manylinux_2_5_i686.manylinux1_i686.manylinux_2_17_i686.manylinux2014_i686.whl", hash = "sha256:a0a0abef2ca47b33fb615b491ce31b055ef2430de52c5b3fb19a4042dbc5cadb"},
    {file = "MarkupSafe-2.1.0-cp37-cp37m-musllinux_1_1_aarch64.whl", hash = "sha256:736895a020e31b428b3382a7887bfea96102c529530299f426bf2e636aacec9e"},
    {file = "MarkupSafe-2.1.0-cp37-cp37m-musllinux_1_1_i686.whl", hash = "sha256:679cbb78914ab212c49c67ba2c7396dc599a8479de51b9a87b174700abd9ea49"},
    {file = "MarkupSafe-2.1.0-cp37-cp37m-musllinux_1_1_x86_64.whl", hash = "sha256:84ad5e29bf8bab3ad70fd707d3c05524862bddc54dc040982b0dbcff36481de7"},
    {file = "MarkupSafe-2.1.0-cp37-cp37m-win32.whl", hash = "sha256:8da5924cb1f9064589767b0f3fc39d03e3d0fb5aa29e0cb21d43106519bd624a"},
    {file = "MarkupSafe-2.1.0-cp37-cp37m-win_amd64.whl", hash = "sha256:454ffc1cbb75227d15667c09f164a0099159da0c1f3d2636aa648f12675491ad"},
    {file = "MarkupSafe-2.1.0-cp38-cp38-macosx_10_9_universal2.whl", hash = "sha256:142119fb14a1ef6d758912b25c4e803c3ff66920635c44078666fe7cc3f8f759"},
    {file = "MarkupSafe-2.1.0-cp38-cp38-macosx_10_9_x86_64.whl", hash = "sha256:b2a5a856019d2833c56a3dcac1b80fe795c95f401818ea963594b345929dffa7"},
    {file = "MarkupSafe-2.1.0-cp38-cp38-manylinux_2_17_aarch64.manylinux2014_aarch64.whl", hash = "sha256:1d1fb9b2eec3c9714dd936860850300b51dbaa37404209c8d4cb66547884b7ed"},
    {file = "MarkupSafe-2.1.0-cp38-cp38-manylinux_2_17_x86_64.manylinux2014_x86_64.whl", hash = "sha256:62c0285e91414f5c8f621a17b69fc0088394ccdaa961ef469e833dbff64bd5ea"},
    {file = "MarkupSafe-2.1.0-cp38-cp38-manylinux_2_5_i686.manylinux1_i686.manylinux_2_17_i686.manylinux2014_i686.whl", hash = "sha256:fc3150f85e2dbcf99e65238c842d1cfe69d3e7649b19864c1cc043213d9cd730"},
    {file = "MarkupSafe-2.1.0-cp38-cp38-musllinux_1_1_aarch64.whl", hash = "sha256:f02cf7221d5cd915d7fa58ab64f7ee6dd0f6cddbb48683debf5d04ae9b1c2cc1"},
    {file = "MarkupSafe-2.1.0-cp38-cp38-musllinux_1_1_i686.whl", hash = "sha256:d5653619b3eb5cbd35bfba3c12d575db2a74d15e0e1c08bf1db788069d410ce8"},
    {file = "MarkupSafe-2.1.0-cp38-cp38-musllinux_1_1_x86_64.whl", hash = "sha256:7d2f5d97fcbd004c03df8d8fe2b973fe2b14e7bfeb2cfa012eaa8759ce9a762f"},
    {file = "MarkupSafe-2.1.0-cp38-cp38-win32.whl", hash = "sha256:3cace1837bc84e63b3fd2dfce37f08f8c18aeb81ef5cf6bb9b51f625cb4e6cd8"},
    {file = "MarkupSafe-2.1.0-cp38-cp38-win_amd64.whl", hash = "sha256:fabbe18087c3d33c5824cb145ffca52eccd053061df1d79d4b66dafa5ad2a5ea"},
    {file = "MarkupSafe-2.1.0-cp39-cp39-macosx_10_9_universal2.whl", hash = "sha256:023af8c54fe63530545f70dd2a2a7eed18d07a9a77b94e8bf1e2ff7f252db9a3"},
    {file = "MarkupSafe-2.1.0-cp39-cp39-macosx_10_9_x86_64.whl", hash = "sha256:d66624f04de4af8bbf1c7f21cc06649c1c69a7f84109179add573ce35e46d448"},
    {file = "MarkupSafe-2.1.0-cp39-cp39-manylinux_2_17_aarch64.manylinux2014_aarch64.whl", hash = "sha256:c532d5ab79be0199fa2658e24a02fce8542df196e60665dd322409a03db6a52c"},
    {file = "MarkupSafe-2.1.0-cp39-cp39-manylinux_2_17_x86_64.manylinux2014_x86_64.whl", hash = "sha256:e67ec74fada3841b8c5f4c4f197bea916025cb9aa3fe5abf7d52b655d042f956"},
    {file = "MarkupSafe-2.1.0-cp39-cp39-manylinux_2_5_i686.manylinux1_i686.manylinux_2_17_i686.manylinux2014_i686.whl", hash = "sha256:30c653fde75a6e5eb814d2a0a89378f83d1d3f502ab710904ee585c38888816c"},
    {file = "MarkupSafe-2.1.0-cp39-cp39-musllinux_1_1_aarch64.whl", hash = "sha256:961eb86e5be7d0973789f30ebcf6caab60b844203f4396ece27310295a6082c7"},
    {file = "MarkupSafe-2.1.0-cp39-cp39-musllinux_1_1_i686.whl", hash = "sha256:598b65d74615c021423bd45c2bc5e9b59539c875a9bdb7e5f2a6b92dfcfc268d"},
    {file = "MarkupSafe-2.1.0-cp39-cp39-musllinux_1_1_x86_64.whl", hash = "sha256:599941da468f2cf22bf90a84f6e2a65524e87be2fce844f96f2dd9a6c9d1e635"},
    {file = "MarkupSafe-2.1.0-cp39-cp39-win32.whl", hash = "sha256:e6f7f3f41faffaea6596da86ecc2389672fa949bd035251eab26dc6697451d05"},
    {file = "MarkupSafe-2.1.0-cp39-cp39-win_amd64.whl", hash = "sha256:b8811d48078d1cf2a6863dafb896e68406c5f513048451cd2ded0473133473c7"},
    {file = "MarkupSafe-2.1.0.tar.gz", hash = "sha256:80beaf63ddfbc64a0452b841d8036ca0611e049650e20afcb882f5d3c266d65f"},
]
oauthlib = [
    {file = "oauthlib-3.1.1-py2.py3-none-any.whl", hash = "sha256:42bf6354c2ed8c6acb54d971fce6f88193d97297e18602a3a886603f9d7730cc"},
    {file = "oauthlib-3.1.1.tar.gz", hash = "sha256:8f0215fcc533dd8dd1bee6f4c412d4f0cd7297307d43ac61666389e3bc3198a3"},
]
pillow = [
    {file = "Pillow-9.0.0-cp310-cp310-macosx_10_10_universal2.whl", hash = "sha256:113723312215b25c22df1fdf0e2da7a3b9c357a7d24a93ebbe80bfda4f37a8d4"},
    {file = "Pillow-9.0.0-cp310-cp310-macosx_11_0_arm64.whl", hash = "sha256:bb47a548cea95b86494a26c89d153fd31122ed65255db5dcbc421a2d28eb3379"},
    {file = "Pillow-9.0.0-cp310-cp310-manylinux_2_17_aarch64.manylinux2014_aarch64.whl", hash = "sha256:31b265496e603985fad54d52d11970383e317d11e18e856971bdbb86af7242a4"},
    {file = "Pillow-9.0.0-cp310-cp310-manylinux_2_17_i686.manylinux2014_i686.whl", hash = "sha256:d154ed971a4cc04b93a6d5b47f37948d1f621f25de3e8fa0c26b2d44f24e3e8f"},
    {file = "Pillow-9.0.0-cp310-cp310-manylinux_2_17_x86_64.manylinux2014_x86_64.whl", hash = "sha256:80fe92813d208ce8aa7d76da878bdc84b90809f79ccbad2a288e9bcbeac1d9bd"},
    {file = "Pillow-9.0.0-cp310-cp310-win32.whl", hash = "sha256:d5dcea1387331c905405b09cdbfb34611050cc52c865d71f2362f354faee1e9f"},
    {file = "Pillow-9.0.0-cp310-cp310-win_amd64.whl", hash = "sha256:52abae4c96b5da630a8b4247de5428f593465291e5b239f3f843a911a3cf0105"},
    {file = "Pillow-9.0.0-cp37-cp37m-macosx_10_10_x86_64.whl", hash = "sha256:72c3110228944019e5f27232296c5923398496b28be42535e3b2dc7297b6e8b6"},
    {file = "Pillow-9.0.0-cp37-cp37m-manylinux_2_17_aarch64.manylinux2014_aarch64.whl", hash = "sha256:97b6d21771da41497b81652d44191489296555b761684f82b7b544c49989110f"},
    {file = "Pillow-9.0.0-cp37-cp37m-manylinux_2_17_i686.manylinux2014_i686.whl", hash = "sha256:72f649d93d4cc4d8cf79c91ebc25137c358718ad75f99e99e043325ea7d56100"},
    {file = "Pillow-9.0.0-cp37-cp37m-manylinux_2_17_x86_64.manylinux2014_x86_64.whl", hash = "sha256:7aaf07085c756f6cb1c692ee0d5a86c531703b6e8c9cae581b31b562c16b98ce"},
    {file = "Pillow-9.0.0-cp37-cp37m-win32.whl", hash = "sha256:03b27b197deb4ee400ed57d8d4e572d2d8d80f825b6634daf6e2c18c3c6ccfa6"},
    {file = "Pillow-9.0.0-cp37-cp37m-win_amd64.whl", hash = "sha256:a09a9d4ec2b7887f7a088bbaacfd5c07160e746e3d47ec5e8050ae3b2a229e9f"},
    {file = "Pillow-9.0.0-cp38-cp38-macosx_10_10_x86_64.whl", hash = "sha256:490e52e99224858f154975db61c060686df8a6b3f0212a678e5d2e2ce24675c9"},
    {file = "Pillow-9.0.0-cp38-cp38-macosx_11_0_arm64.whl", hash = "sha256:500d397ddf4bbf2ca42e198399ac13e7841956c72645513e8ddf243b31ad2128"},
    {file = "Pillow-9.0.0-cp38-cp38-manylinux_2_17_aarch64.manylinux2014_aarch64.whl", hash = "sha256:0ebd8b9137630a7bbbff8c4b31e774ff05bbb90f7911d93ea2c9371e41039b52"},
    {file = "Pillow-9.0.0-cp38-cp38-manylinux_2_17_i686.manylinux2014_i686.whl", hash = "sha256:fd0e5062f11cb3e730450a7d9f323f4051b532781026395c4323b8ad055523c4"},
    {file = "Pillow-9.0.0-cp38-cp38-manylinux_2_17_x86_64.manylinux2014_x86_64.whl", hash = "sha256:9f3b4522148586d35e78313db4db0df4b759ddd7649ef70002b6c3767d0fdeb7"},
    {file = "Pillow-9.0.0-cp38-cp38-win32.whl", hash = "sha256:0b281fcadbb688607ea6ece7649c5d59d4bbd574e90db6cd030e9e85bde9fecc"},
    {file = "Pillow-9.0.0-cp38-cp38-win_amd64.whl", hash = "sha256:b5050d681bcf5c9f2570b93bee5d3ec8ae4cf23158812f91ed57f7126df91762"},
    {file = "Pillow-9.0.0-cp39-cp39-macosx_10_10_x86_64.whl", hash = "sha256:c2067b3bb0781f14059b112c9da5a91c80a600a97915b4f48b37f197895dd925"},
    {file = "Pillow-9.0.0-cp39-cp39-macosx_11_0_arm64.whl", hash = "sha256:2d16b6196fb7a54aff6b5e3ecd00f7c0bab1b56eee39214b2b223a9d938c50af"},
    {file = "Pillow-9.0.0-cp39-cp39-manylinux_2_17_aarch64.manylinux2014_aarch64.whl", hash = "sha256:98cb63ca63cb61f594511c06218ab4394bf80388b3d66cd61d0b1f63ee0ea69f"},
    {file = "Pillow-9.0.0-cp39-cp39-manylinux_2_17_i686.manylinux2014_i686.whl", hash = "sha256:bc462d24500ba707e9cbdef436c16e5c8cbf29908278af053008d9f689f56dee"},
    {file = "Pillow-9.0.0-cp39-cp39-manylinux_2_17_x86_64.manylinux2014_x86_64.whl", hash = "sha256:3586e12d874ce2f1bc875a3ffba98732ebb12e18fb6d97be482bd62b56803281"},
    {file = "Pillow-9.0.0-cp39-cp39-win32.whl", hash = "sha256:68e06f8b2248f6dc8b899c3e7ecf02c9f413aab622f4d6190df53a78b93d97a5"},
    {file = "Pillow-9.0.0-cp39-cp39-win_amd64.whl", hash = "sha256:6579f9ba84a3d4f1807c4aab4be06f373017fc65fff43498885ac50a9b47a553"},
    {file = "Pillow-9.0.0-pp37-pypy37_pp73-macosx_10_10_x86_64.whl", hash = "sha256:47f5cf60bcb9fbc46011f75c9b45a8b5ad077ca352a78185bd3e7f1d294b98bb"},
    {file = "Pillow-9.0.0-pp37-pypy37_pp73-manylinux_2_17_i686.manylinux2014_i686.whl", hash = "sha256:2fd8053e1f8ff1844419842fd474fc359676b2e2a2b66b11cc59f4fa0a301315"},
    {file = "Pillow-9.0.0-pp37-pypy37_pp73-manylinux_2_17_x86_64.manylinux2014_x86_64.whl", hash = "sha256:6c5439bfb35a89cac50e81c751317faea647b9a3ec11c039900cd6915831064d"},
    {file = "Pillow-9.0.0-pp38-pypy38_pp73-win_amd64.whl", hash = "sha256:95545137fc56ce8c10de646074d242001a112a92de169986abd8c88c27566a05"},
    {file = "Pillow-9.0.0.tar.gz", hash = "sha256:ee6e2963e92762923956fe5d3479b1fdc3b76c83f290aad131a2f98c3df0593e"},
]
requests = [
    {file = "requests-2.27.0-py2.py3-none-any.whl", hash = "sha256:f71a09d7feba4a6b64ffd8e9d9bc60f9bf7d7e19fd0e04362acb1cfc2e3d98df"},
    {file = "requests-2.27.0.tar.gz", hash = "sha256:8e5643905bf20a308e25e4c1dd379117c09000bf8a82ebccc462cfb1b34a16b5"},
]
requests-oauthlib = [
    {file = "requests-oauthlib-1.3.0.tar.gz", hash = "sha256:b4261601a71fd721a8bd6d7aa1cc1d6a8a93b4a9f5e96626f8e4d91e8beeaa6a"},
    {file = "requests_oauthlib-1.3.0-py2.py3-none-any.whl", hash = "sha256:7f71572defaecd16372f9006f33c2ec8c077c3cfa6f5911a9a90202beb513f3d"},
    {file = "requests_oauthlib-1.3.0-py3.7.egg", hash = "sha256:fa6c47b933f01060936d87ae9327fead68768b69c6c9ea2109c48be30f2d4dbc"},
]
tweepy = [
    {file = "tweepy-4.4.0-py2.py3-none-any.whl", hash = "sha256:cf02c4fbbd027fbc7172c24d03f53f061329ac040b22d201e59592a1cff86364"},
    {file = "tweepy-4.4.0.tar.gz", hash = "sha256:8d4b4520271b796fa7efc4c5d5ef3228af4d79f6a4d3ace3900b2778ed8f6f1c"},
]
urllib3 = [
    {file = "urllib3-1.26.7-py2.py3-none-any.whl", hash = "sha256:c4fdf4019605b6e5423637e01bc9fe4daef873709a7973e195ceba0a62bbc844"},
    {file = "urllib3-1.26.7.tar.gz", hash = "sha256:4987c65554f7a2dbf30c18fd48778ef124af6fab771a377103da0585e2336ece"},
]
werkzeug = [
    {file = "Werkzeug-2.0.3-py3-none-any.whl", hash = "sha256:1421ebfc7648a39a5c58c601b154165d05cf47a3cd0ccb70857cbdacf6c8f2b8"},
    {file = "Werkzeug-2.0.3.tar.gz", hash = "sha256:b863f8ff057c522164b6067c9e28b041161b4be5ba4d0daceeaa50a163822d3c"},
]
